
Microsoft Visual Studio Solution File, Format Version 12.00
Project("{FAE04EC0-301F-11D3-BF4B-00C04F79EFBC}") = "vikiProject", "vikiProject\vikiProject.csproj", "{BB45FA43-687C-4F20-B1AD-760A0A1D5263}"
EndProject
Global
	GlobalSection(SolutionConfigurationPlatforms) = preSolution
		Debug|Any CPU = Debug|Any CPU
		Release|Any CPU = Release|Any CPU
	EndGlobalSection
	GlobalSection(ProjectConfigurationPlatforms) = postSolution
		{BB45FA43-687C-4F20-B1AD-760A0A1D5263}.Debug|Any CPU.ActiveCfg = Debug|Any CPU
		{BB45FA43-687C-4F20-B1AD-760A0A1D5263}.Debug|Any CPU.Build.0 = Debug|Any CPU
		{BB45FA43-687C-4F20-B1AD-760A0A1D5263}.Release|Any CPU.ActiveCfg = Release|Any CPU
		{BB45FA43-687C-4F20-B1AD-760A0A1D5263}.Release|Any CPU.Build.0 = Release|Any CPU
	EndGlobalSection
EndGlobal
